
Microsoft Visual Studio Solution File, Format Version 11.00
# Visual Studio 2010
Project("{FAE04EC0-301F-11D3-BF4B-00C04F79EFBC}") = "Platform Wild Run", "Assembly-CSharp.csproj", "{8D527B43-992D-3675-C759-CB3918B4780D}"
EndProject
Global
	GlobalSection(SolutionConfigurationPlatforms) = preSolution
		Debug|Any CPU = Debug|Any CPU
		Release|Any CPU = Release|Any CPU
	EndGlobalSection
	GlobalSection(ProjectConfigurationPlatforms) = postSolution
		{8D527B43-992D-3675-C759-CB3918B4780D}.Debug|Any CPU.ActiveCfg = Debug|Any CPU
		{8D527B43-992D-3675-C759-CB3918B4780D}.Debug|Any CPU.Build.0 = Debug|Any CPU
		{8D527B43-992D-3675-C759-CB3918B4780D}.Release|Any CPU.ActiveCfg = Release|Any CPU
		{8D527B43-992D-3675-C759-CB3918B4780D}.Release|Any CPU.Build.0 = Release|Any CPU
	EndGlobalSection
	GlobalSection(SolutionProperties) = preSolution
		HideSolutionNode = FALSE
	EndGlobalSection
	GlobalSection(MonoDevelopProperties) = preSolution
		StartupItem = Assembly-CSharp.csproj
	EndGlobalSection
EndGlobal
